{
  "object": {
    "pins": [
      {
        "package": "IQKeyboardManagerSwift",
        "repositoryURL": "https://github.com/hackiftekhar/IQKeyboardManager",
        "state": {
          "branch": null,
          "revision": "4dc6bc7d1c9747bd0c261c8c055903f9fdef91f7",
          "version": "6.5.6"
        }
      },
      {
        "package": "RxGesture",
        "repositoryURL": "https://github.com/RxSwiftCommunity/RxGesture",
        "state": {
          "branch": null,
          "revision": "e29e65a58c2f670677d17df9a18e846b87e78592",
          "version": "4.0.2"
        }
      },
      {
        "package": "RxSwift",
        "repositoryURL": "https://github.com/ReactiveX/RxSwift",
        "state": {
          "branch": null,
          "revision": "7c17a6ccca06b5c107cfa4284e634562ddaf5951",
          "version": "6.2.0"
        }
      },
      {
        "package": "SnapKit",
        "repositoryURL": "https://github.com/SnapKit/SnapKit",
        "state": {
          "branch": null,
          "revision": "d458564516e5676af9c70b4f4b2a9178294f1bc6",
          "version": "5.0.1"
        }
      },
      {
        "package": "SwiftMessages",
        "repositoryURL": "https://github.com/SwiftKickMobile/SwiftMessages",
        "state": {
          "branch": null,
          "revision": "349fec7674f588d7c32b2aa0c55dfe46eb9f071b",
          "version": "9.0.3"
        }
      },
      {
        "package": "WeScan",
        "repositoryURL": "https://github.com/WeTransfer/WeScan",
        "state": {
          "branch": null,
          "revision": "9787c79729823928277f02fb9c7cbb88d87926cd",
          "version": "1.8.1"
        }
      }
    ]
  },
  "version": 1
}
